
Microsoft Visual Studio Solution File, Format Version 12.00
# Visual Studio 15
Project("{FAE04EC0-301F-11D3-BF4B-00C04F79EFBC}") = "Assembly-CSharp-Editor", "Assembly-CSharp-Editor.csproj", "{75BDF2DD-3A5A-09DB-9D41-BE6C8C100DDD}"
EndProject
Project("{FAE04EC0-301F-11D3-BF4B-00C04F79EFBC}") = "Assembly-CSharp", "Assembly-CSharp.csproj", "{E69670D8-EE01-77C7-930F-DCC465304DAF}"
EndProject
Global
	GlobalSection(SolutionConfigurationPlatforms) = preSolution
		Debug|Any CPU = Debug|Any CPU
		Release|Any CPU = Release|Any CPU
	EndGlobalSection
	GlobalSection(ProjectConfigurationPlatforms) = postSolution
		{75BDF2DD-3A5A-09DB-9D41-BE6C8C100DDD}.Debug|Any CPU.ActiveCfg = Debug|Any CPU
		{75BDF2DD-3A5A-09DB-9D41-BE6C8C100DDD}.Debug|Any CPU.Build.0 = Debug|Any CPU
		{75BDF2DD-3A5A-09DB-9D41-BE6C8C100DDD}.Release|Any CPU.ActiveCfg = Release|Any CPU
		{75BDF2DD-3A5A-09DB-9D41-BE6C8C100DDD}.Release|Any CPU.Build.0 = Release|Any CPU
		{E69670D8-EE01-77C7-930F-DCC465304DAF}.Debug|Any CPU.ActiveCfg = Debug|Any CPU
		{E69670D8-EE01-77C7-930F-DCC465304DAF}.Debug|Any CPU.Build.0 = Debug|Any CPU
		{E69670D8-EE01-77C7-930F-DCC465304DAF}.Release|Any CPU.ActiveCfg = Release|Any CPU
		{E69670D8-EE01-77C7-930F-DCC465304DAF}.Release|Any CPU.Build.0 = Release|Any CPU
	EndGlobalSection
	GlobalSection(SolutionProperties) = preSolution
		HideSolutionNode = FALSE
	EndGlobalSection
EndGlobal
